
Microsoft Visual Studio Solution File, Format Version 12.00
# Visual Studio 2013
VisualStudioVersion = 12.0.31101.0
MinimumVisualStudioVersion = 10.0.40219.1
Project("{8BC9CEB8-8B4A-11D0-8D11-00A0C91BC942}") = "Disk Optimizer", "Disk Optimizer\Disk Optimizer.vcxproj", "{7ED36BF4-ECA0-4A5C-8F24-510AA28C98AE}"
EndProject
Global
	GlobalSection(SolutionConfigurationPlatforms) = preSolution
		Debug|Win32 = Debug|Win32
		Release|Win32 = Release|Win32
	EndGlobalSection
	GlobalSection(ProjectConfigurationPlatforms) = postSolution
		{7ED36BF4-ECA0-4A5C-8F24-510AA28C98AE}.Debug|Win32.ActiveCfg = Debug|Win32
		{7ED36BF4-ECA0-4A5C-8F24-510AA28C98AE}.Debug|Win32.Build.0 = Debug|Win32
		{7ED36BF4-ECA0-4A5C-8F24-510AA28C98AE}.Release|Win32.ActiveCfg = Release|Win32
		{7ED36BF4-ECA0-4A5C-8F24-510AA28C98AE}.Release|Win32.Build.0 = Release|Win32
	EndGlobalSection
	GlobalSection(SolutionProperties) = preSolution
		HideSolutionNode = FALSE
	EndGlobalSection
EndGlobal
